{
    "hash": "558e6fbfef6ba408065e3a2d1ea1f32e",
    "packages": [
        {
            "name": "j4mie/idiorm",
            "version": "v1.2.3",
            "source": {
                "type": "git",
                "url": "https://github.com/j4mie/idiorm",
                "reference": "v1.2.3"
            },
            "dist": {
                "type": "zip",
                "url": "https://github.com/j4mie/idiorm/archive/v1.2.3.zip",
                "reference": "v1.2.3",
                "shasum": ""
            },
            "require": {
                "php": ">=5.2.0"
            },
            "time": "2012-11-28 10:44:18",
            "type": "library",
            "installation-source": "dist",
            "autoload": {
                "files": [
                    "idiorm.php"
                ]
            },
            "license": [
                "BSD-2-Clause",
                "BSD-3-Clause",
                "BSD-4-Clause"
            ],
            "authors": [
                {
                    "name": "Simon Holywell",
                    "email": "treffynnon@php.net",
                    "homepage": "http://simonholywell.com",
                    "role": "Maintainer"
                },
                {
                    "name": "Jamie Matthews",
                    "email": "jamie.matthews@gmail.com",
                    "homepage": "http://j4mie.org",
                    "role": "Developer"
                },
                {
                    "name": "Durham Hale",
                    "email": "me@durhamhale.com",
                    "homepage": "http://durhamhale.com",
                    "role": "Maintainer"
                }
            ],
            "description": "A lightweight nearly-zero-configuration object-relational mapper and fluent query builder for PHP5",
            "homepage": "http://j4mie.github.com/idiormandparis",
            "keywords": [
                "orm",
                "query builder",
                "idiorm"
            ]
        },
        {
            "name": "j4mie/paris",
            "version": "dev-master",
            "source": {
                "type": "git",
                "url": "https://github.com/j4mie/paris",
                "reference": "v1.2.0"
            },
            "dist": {
                "type": "zip",
                "url": "https://github.com/j4mie/paris/archive/v1.2.0.zip",
                "reference": "v1.2.0",
                "shasum": ""
            },
            "require": {
                "php": ">=5.2.0",
                "j4mie/idiorm": "1.2.*"
            },
            "time": "2012-11-14 16:58:08",
            "type": "library",
            "installation-source": "source",
            "autoload": {
                "files": [
                    "paris.php"
                ]
            },
            "license": [
                "BSD-2-Clause",
                "BSD-3-Clause",
                "BSD-4-Clause"
            ],
            "authors": [
                {
                    "name": "Simon Holywell",
                    "email": "treffynnon@php.net",
                    "homepage": "http://simonholywell.com",
                    "role": "Maintainer"
                },
                {
                    "name": "Jamie Matthews",
                    "email": "jamie.matthews@gmail.com",
                    "homepage": "http://j4mie.org",
                    "role": "Developer"
                },
                {
                    "name": "Durham Hale",
                    "email": "me@durhamhale.com",
                    "homepage": "http://durhamhale.com",
                    "role": "Maintainer"
                }
            ],
            "description": "A lightweight Active Record implementation for PHP5, built on top of Idiorm",
            "homepage": "http://j4mie.github.com/idiormandparis",
            "keywords": [
                "orm",
                "Active Record",
                "model",
                "paris"
            ]
        },
        {
            "name": "kherge/bcrypt",
            "version": "2.0.1",
            "source": {
                "type": "git",
                "url": "https://github.com/kherge/Bcrypt.git",
                "reference": "2.0.1"
            },
            "dist": {
                "type": "zip",
                "url": "https://github.com/kherge/Bcrypt/zipball/2.0.1",
                "reference": "2.0.1",
                "shasum": ""
            },
            "require": {
                "php": ">=5.3.3"
            },
            "require-dev": {
                "kherge/runkit-test-case": "1.*"
            },
            "suggest": {
                "php": ">=5.3.7"
            },
            "time": "2012-10-13 01:09:47",
            "type": "library",
            "installation-source": "dist",
            "autoload": {
                "files": [
                    "src/lib/bcrypt.php"
                ],
                "psr-0": {
                    "KevinGH\\Bcrypt": "src/lib"
                }
            },
            "license": [
                "MIT"
            ],
            "authors": [
                {
                    "name": "Kevin Herrera",
                    "email": "kevin@herrera.io"
                }
            ],
            "description": "A library for encoding strings using bcrypt."
        },
        {
            "name": "opauth/facebook",
            "version": "dev-master",
            "source": {
                "type": "git",
                "url": "git://github.com/uzyn/opauth-facebook.git",
                "reference": "0.2.1"
            },
            "dist": {
                "type": "zip",
                "url": "https://github.com/uzyn/opauth-facebook/archive/0.2.1.zip",
                "reference": "0.2.1",
                "shasum": ""
            },
            "require": {
                "php": ">=5.2.0",
                "opauth/opauth": ">=0.2.0"
            },
            "time": "2012-09-21 04:47:35",
            "type": "library",
            "installation-source": "source",
            "autoload": {
                "psr-0": {
                    "": "."
                }
            },
            "license": [
                "MIT"
            ],
            "authors": [
                {
                    "name": "U-Zyn Chua",
                    "email": "chua@uzyn.com",
                    "homepage": "http://uzyn.com"
                }
            ],
            "description": "Facebook strategy for Opauth",
            "homepage": "http://opauth.org",
            "keywords": [
                "Authentication",
                "facebook",
                "auth"
            ]
        },
        {
            "name": "opauth/google",
            "version": "dev-master",
            "source": {
                "type": "git",
                "url": "git://github.com/uzyn/opauth-google.git",
                "reference": "0.2.2"
            },
            "dist": {
                "type": "zip",
                "url": "https://github.com/uzyn/opauth-google/archive/0.2.2.zip",
                "reference": "0.2.2",
                "shasum": ""
            },
            "require": {
                "php": ">=5.2.0",
                "opauth/opauth": ">=0.2.0"
            },
            "time": "2012-10-18 14:39:52",
            "type": "library",
            "installation-source": "source",
            "autoload": {
                "psr-0": {
                    "": "."
                }
            },
            "license": [
                "MIT"
            ],
            "authors": [
                {
                    "name": "U-Zyn Chua",
                    "email": "chua@uzyn.com",
                    "homepage": "http://uzyn.com"
                }
            ],
            "description": "Google strategy for Opauth",
            "homepage": "http://opauth.org",
            "keywords": [
                "Authentication",
                "google",
                "auth"
            ]
        },
        {
            "name": "opauth/opauth",
            "version": "dev-master",
            "source": {
                "type": "git",
                "url": "git://github.com/uzyn/opauth.git",
                "reference": "37a4b4bf5951ed8f43e6bb5e76158deca4229d82"
            },
            "dist": {
                "type": "zip",
                "url": "https://github.com/uzyn/opauth/archive/37a4b4bf5951ed8f43e6bb5e76158deca4229d82.zip",
                "reference": "37a4b4bf5951ed8f43e6bb5e76158deca4229d82",
                "shasum": ""
            },
            "require": {
                "php": ">=5.2.0"
            },
            "suggest": {
                "opauth/facebook": "Allows Facebook authentication",
                "opauth/google": "Allows Google authentication",
                "opauth/twitter": "Allows Twitter authentication"
            },
            "time": "2012-10-31 13:29:48",
            "type": "library",
            "installation-source": "source",
            "autoload": {
                "classmap": [
                    "lib/Opauth/"
                ]
            },
            "license": [
                "MIT"
            ],
            "authors": [
                {
                    "name": "U-Zyn Chua",
                    "email": "chua@uzyn.com",
                    "homepage": "http://uzyn.com"
                }
            ],
            "description": "Multi-provider authentication framework for PHP",
            "homepage": "http://opauth.org",
            "keywords": [
                "OpenId",
                "Authentication",
                "oauth",
                "twitter",
                "google",
                "facebook",
                "auth",
                "omniauth"
            ]
        },
        {
            "name": "opauth/twitter",
            "version": "dev-master",
            "source": {
                "type": "git",
                "url": "git://github.com/uzyn/opauth-twitter.git",
                "reference": "0.3.0"
            },
            "dist": {
                "type": "zip",
                "url": "https://github.com/uzyn/opauth-twitter/archive/0.3.0.zip",
                "reference": "0.3.0",
                "shasum": ""
            },
            "require": {
                "php": ">=5.2.0",
                "opauth/opauth": ">=0.2.0"
            },
            "time": "2012-10-28 04:47:51",
            "type": "library",
            "installation-source": "source",
            "autoload": {
                "psr-0": {
                    "": "."
                }
            },
            "license": [
                "MIT"
            ],
            "authors": [
                {
                    "name": "U-Zyn Chua",
                    "email": "chua@uzyn.com",
                    "homepage": "http://uzyn.com"
                }
            ],
            "description": "Twitter strategy for Opauth",
            "homepage": "http://opauth.org",
            "keywords": [
                "Authentication",
                "twitter",
                "auth"
            ]
        },
        {
            "name": "pimple/pimple",
            "version": "dev-master",
            "source": {
                "type": "git",
                "url": "git://github.com/fabpot/Pimple.git",
                "reference": "v1.0.1"
            },
            "dist": {
                "type": "zip",
                "url": "https://github.com/fabpot/Pimple/archive/v1.0.1.zip",
                "reference": "v1.0.1",
                "shasum": ""
            },
            "require": {
                "php": ">=5.3.0"
            },
            "time": "2012-11-11 08:32:34",
            "type": "library",
            "extra": {
                "branch-alias": {
                    "dev-master": "1.0.x-dev"
                }
            },
            "installation-source": "source",
            "autoload": {
                "psr-0": {
                    "Pimple": "lib/"
                }
            },
            "license": [
                "MIT"
            ],
            "authors": [
                {
                    "name": "Fabien Potencier",
                    "email": "fabien@symfony.com"
                }
            ],
            "description": "Pimple is a simple Dependency Injection Container for PHP 5.3",
            "homepage": "http://pimple.sensiolabs.org",
            "keywords": [
                "dependency injection",
                "container"
            ]
        },
        {
            "name": "slim/extras",
            "version": "2.0.1",
            "target-dir": "Slim/Extras",
            "source": {
                "type": "git",
                "url": "https://github.com/codeguy/Slim-Extras",
                "reference": "2.0.1"
            },
            "dist": {
                "type": "zip",
                "url": "https://github.com/codeguy/Slim-Extras/zipball/2.0.1",
                "reference": "2.0.1",
                "shasum": ""
            },
            "require": {
                "slim/slim": ">=2.0.0",
                "php": ">=5.3.0"
            },
            "time": "2012-10-26 03:19:35",
            "type": "library",
            "installation-source": "dist",
            "autoload": {
                "psr-0": {
                    "Twig_Extensions_": "Views/Extension/",
                    "Slim\\Extras": "."
                }
            },
            "license": [
                "MIT"
            ],
            "authors": [
                {
                    "name": "Andrew Smith",
                    "email": "a.smith@silentworks.co.uk",
                    "homepage": "http://www.silentworks.co.uk/"
                },
                {
                    "name": "Josh Lockhart",
                    "email": "info@joshlockhart.com",
                    "homepage": "http://www.joshlockhart.com/"
                }
            ],
            "description": "Extras package for the Slim Framework",
            "homepage": "http://github.com/codeguy/Slim-Extras",
            "keywords": [
                "templating",
                "extensions"
            ]
        },
        {
            "name": "slim/slim",
            "version": "2.2.0",
            "source": {
                "type": "git",
                "url": "https://github.com/codeguy/Slim",
                "reference": "2.2.0"
            },
            "dist": {
                "type": "zip",
                "url": "https://github.com/codeguy/Slim/archive/2.2.0.zip",
                "reference": "2.2.0",
                "shasum": ""
            },
            "require": {
                "php": ">=5.3.0"
            },
            "time": "2012-12-13 02:15:50",
            "type": "library",
            "installation-source": "dist",
            "autoload": {
                "psr-0": {
                    "Slim": "."
                }
            },
            "license": [
                "MIT"
            ],
            "authors": [
                {
                    "name": "Josh Lockhart",
                    "email": "info@joshlockhart.com",
                    "homepage": "http://www.joshlockhart.com/"
                }
            ],
            "description": "Slim Framework, a PHP micro framework",
            "homepage": "http://github.com/codeguy/Slim",
            "keywords": [
                "microframework",
                "rest",
                "router"
            ]
        },
        {
            "name": "twig/twig",
            "version": "dev-master",
            "source": {
                "type": "git",
                "url": "git://github.com/fabpot/Twig.git",
                "reference": "25f7b0c7eb456f5c39f1e8163da538de5d0d717b"
            },
            "dist": {
                "type": "zip",
                "url": "https://github.com/fabpot/Twig/archive/25f7b0c7eb456f5c39f1e8163da538de5d0d717b.zip",
                "reference": "25f7b0c7eb456f5c39f1e8163da538de5d0d717b",
                "shasum": ""
            },
            "require": {
                "php": ">=5.2.4"
            },
            "time": "2012-12-30 20:07:31",
            "type": "library",
            "extra": {
                "branch-alias": {
                    "dev-master": "1.12-dev"
                }
            },
            "installation-source": "source",
            "autoload": {
                "psr-0": {
                    "Twig_": "lib/"
                }
            },
            "license": [
                "BSD-3"
            ],
            "authors": [
                {
                    "name": "Fabien Potencier",
                    "email": "fabien@symfony.com"
                },
                {
                    "name": "Armin Ronacher",
                    "email": "armin.ronacher@active-4.com"
                }
            ],
            "description": "Twig, the flexible, fast, and secure template language for PHP",
            "homepage": "http://twig.sensiolabs.org",
            "keywords": [
                "templating"
            ]
        }
    ],
    "packages-dev": null,
    "aliases": [

    ],
    "minimum-stability": "dev",
    "stability-flags": {
        "j4mie/paris": 20
    }
}
